// !$*UTF8*$!
{
	archiveVersion = 1;
	classes = {
	};
	objectVersion = 46;
	objects = {

/* Begin PBXBuildFile section */
		4364100C1EB0FAE500890CEB /* main.m in Sources */ = {isa = PBXBuildFile; fileRef = 4364100B1EB0FAE500890CEB /* main.m */; };
		4364100F1EB0FAE500890CEB /* AppDelegate.m in Sources */ = {isa = PBXBuildFile; fileRef = 4364100E1EB0FAE500890CEB /* AppDelegate.m */; };
		436410121EB0FAE500890CEB /* ViewController.m in Sources */ = {isa = PBXBuildFile; fileRef = 436410111EB0FAE500890CEB /* ViewController.m */; };
		436410151EB0FAE500890CEB /* Main.storyboard in Resources */ = {isa = PBXBuildFile; fileRef = 436410131EB0FAE500890CEB /* Main.storyboard */; };
		436410171EB0FAE500890CEB /* Assets.xcassets in Resources */ = {isa = PBXBuildFile; fileRef = 436410161EB0FAE500890CEB /* Assets.xcassets */; };
		4364101A1EB0FAE500890CEB /* LaunchScreen.storyboard in Resources */ = {isa = PBXBuildFile; fileRef = 436410181EB0FAE500890CEB /* LaunchScreen.storyboard */; };
		436410251EB0FAE500890CEB /* MovingViewsTests.m in Sources */ = {isa = PBXBuildFile; fileRef = 436410241EB0FAE500890CEB /* MovingViewsTests.m */; };
		436410301EB0FAE500890CEB /* MovingViewsUITests.m in Sources */ = {isa = PBXBuildFile; fileRef = 4364102F1EB0FAE500890CEB /* MovingViewsUITests.m */; };
		436410401EB0FB7300890CEB /* MovableView.m in Sources */ = {isa = PBXBuildFile; fileRef = 4364103F1EB0FB7300890CEB /* MovableView.m */; };
/* End PBXBuildFile section */

/* Begin PBXContainerItemProxy section */
		436410211EB0FAE500890CEB /* PBXContainerItemProxy */ = {
			isa = PBXContainerItemProxy;
			containerPortal = 43640FFF1EB0FAE500890CEB /* Project object */;
			proxyType = 1;
			remoteGlobalIDString = 436410061EB0FAE500890CEB;
			remoteInfo = MovingViews;
		};
		4364102C1EB0FAE500890CEB /* PBXContainerItemProxy */ = {
			isa = PBXContainerItemProxy;
			containerPortal = 43640FFF1EB0FAE500890CEB /* Project object */;
			proxyType = 1;
			remoteGlobalIDString = 436410061EB0FAE500890CEB;
			remoteInfo = MovingViews;
		};
/* End PBXContainerItemProxy section */

/* Begin PBXFileReference section */
		436410071EB0FAE500890CEB /* MovingViews.app */ = {isa = PBXFileReference; explicitFileType = wrapper.application; includeInIndex = 0; path = MovingViews.app; sourceTree = BUILT_PRODUCTS_DIR; };
		4364100B1EB0FAE500890CEB /* main.m */ = {isa = PBXFileReference; lastKnownFileType = sourcecode.c.objc; path = main.m; sourceTree = "<group>"; };
		4364100D1EB0FAE500890CEB /* AppDelegate.h */ = {isa = PBXFileReference; lastKnownFileType = sourcecode.c.h; path = AppDelegate.h; sourceTree = "<group>"; };
		4364100E1EB0FAE500890CEB /* AppDelegate.m */ = {isa = PBXFileReference; lastKnownFileType = sourcecode.c.objc; path = AppDelegate.m; sourceTree = "<group>"; };
		436410101EB0FAE500890CEB /* ViewController.h */ = {isa = PBXFileReference; lastKnownFileType = sourcecode.c.h; path = ViewController.h; sourceTree = "<group>"; };
		436410111EB0FAE500890CEB /* ViewController.m */ = {isa = PBXFileReference; lastKnownFileType = sourcecode.c.objc; path = ViewController.m; sourceTree = "<group>"; };
		436410141EB0FAE500890CEB /* Base */ = {isa = PBXFileReference; lastKnownFileType = file.storyboard; name = Base; path = Base.lproj/Main.storyboard; sourceTree = "<group>"; };
		436410161EB0FAE500890CEB /* Assets.xcassets */ = {isa = PBXFileReference; lastKnownFileType = folder.assetcatalog; path = Assets.xcassets; sourceTree = "<group>"; };
		436410191EB0FAE500890CEB /* Base */ = {isa = PBXFileReference; lastKnownFileType = file.storyboard; name = Base; path = Base.lproj/LaunchScreen.storyboard; sourceTree = "<group>"; };
		4364101B1EB0FAE500890CEB /* Info.plist */ = {isa = PBXFileReference; lastKnownFileType = text.plist.xml; path = Info.plist; sourceTree = "<group>"; };
		436410201EB0FAE500890CEB /* MovingViewsTests.xctest */ = {isa = PBXFileReference; explicitFileType = wrapper.cfbundle; includeInIndex = 0; path = MovingViewsTests.xctest; sourceTree = BUILT_PRODUCTS_DIR; };
		436410241EB0FAE500890CEB /* MovingViewsTests.m */ = {isa = PBXFileReference; lastKnownFileType = sourcecode.c.objc; path = MovingViewsTests.m; sourceTree = "<group>"; };
		436410261EB0FAE500890CEB /* Info.plist */ = {isa = PBXFileReference; lastKnownFileType = text.plist.xml; path = Info.plist; sourceTree = "<group>"; };
		4364102B1EB0FAE500890CEB /* MovingViewsUITests.xctest */ = {isa = PBXFileReference; explicitFileType = wrapper.cfbundle; includeInIndex = 0; path = MovingViewsUITests.xctest; sourceTree = BUILT_PRODUCTS_DIR; };
		4364102F1EB0FAE500890CEB /* MovingViewsUITests.m */ = {isa = PBXFileReference; lastKnownFileType = sourcecode.c.objc; path = MovingViewsUITests.m; sourceTree = "<group>"; };
		436410311EB0FAE500890CEB /* Info.plist */ = {isa = PBXFileReference; lastKnownFileType = text.plist.xml; path = Info.plist; sourceTree = "<group>"; };
		4364103E1EB0FB7300890CEB /* MovableView.h */ = {isa = PBXFileReference; fileEncoding = 4; lastKnownFileType = sourcecode.c.h; path = MovableView.h; sourceTree = "<group>"; };
		4364103F1EB0FB7300890CEB /* MovableView.m */ = {isa = PBXFileReference; fileEncoding = 4; lastKnownFileType = sourcecode.c.objc; path = MovableView.m; sourceTree = "<group>"; };
/* End PBXFileReference section */

/* Begin PBXFrameworksBuildPhase section */
		436410041EB0FAE500890CEB /* Frameworks */ = {
			isa = PBXFrameworksBuildPhase;
			buildActionMask = 2147483647;
			files = (
			);
			runOnlyForDeploymentPostprocessing = 0;
		};
		4364101D1EB0FAE500890CEB /* Frameworks */ = {
			isa = PBXFrameworksBuildPhase;
			buildActionMask = 2147483647;
			files = (
			);
			runOnlyForDeploymentPostprocessing = 0;
		};
		436410281EB0FAE500890CEB /* Frameworks */ = {
			isa = PBXFrameworksBuildPhase;
			buildActionMask = 2147483647;
			files = (
			);
			runOnlyForDeploymentPostprocessing = 0;
		};
/* End PBXFrameworksBuildPhase section */

/* Begin PBXGroup section */
		43640FFE1EB0FAE500890CEB = {
			isa = PBXGroup;
			children = (
				436410091EB0FAE500890CEB /* MovingViews */,
				436410231EB0FAE500890CEB /* MovingViewsTests */,
				4364102E1EB0FAE500890CEB /* MovingViewsUITests */,
				436410081EB0FAE500890CEB /* Products */,
			);
			sourceTree = "<group>";
		};
		436410081EB0FAE500890CEB /* Products */ = {
			isa = PBXGroup;
			children = (
				436410071EB0FAE500890CEB /* MovingViews.app */,
				436410201EB0FAE500890CEB /* MovingViewsTests.xctest */,
				4364102B1EB0FAE500890CEB /* MovingViewsUITests.xctest */,
			);
			name = Products;
			sourceTree = "<group>";
		};
		436410091EB0FAE500890CEB /* MovingViews */ = {
			isa = PBXGroup;
			children = (
				4364100D1EB0FAE500890CEB /* AppDelegate.h */,
				4364100E1EB0FAE500890CEB /* AppDelegate.m */,
				436410101EB0FAE500890CEB /* ViewController.h */,
				436410111EB0FAE500890CEB /* ViewController.m */,
				436410131EB0FAE500890CEB /* Main.storyboard */,
				4364103D1EB0FAF200890CEB /* Views */,
				436410161EB0FAE500890CEB /* Assets.xcassets */,
				436410181EB0FAE500890CEB /* LaunchScreen.storyboard */,
				4364101B1EB0FAE500890CEB /* Info.plist */,
				4364100A1EB0FAE500890CEB /* Supporting Files */,
			);
			path = MovingViews;
			sourceTree = "<group>";
		};
		4364100A1EB0FAE500890CEB /* Supporting Files */ = {
			isa = PBXGroup;
			children = (
				4364100B1EB0FAE500890CEB /* main.m */,
			);
			name = "Supporting Files";
			sourceTree = "<group>";
		};
		436410231EB0FAE500890CEB /* MovingViewsTests */ = {
			isa = PBXGroup;
			children = (
				436410241EB0FAE500890CEB /* MovingViewsTests.m */,
				436410261EB0FAE500890CEB /* Info.plist */,
			);
			path = MovingViewsTests;
			sourceTree = "<group>";
		};
		4364102E1EB0FAE500890CEB /* MovingViewsUITests */ = {
			isa = PBXGroup;
			children = (
				4364102F1EB0FAE500890CEB /* MovingViewsUITests.m */,
				436410311EB0FAE500890CEB /* Info.plist */,
			);
			path = MovingViewsUITests;
			sourceTree = "<group>";
		};
		4364103D1EB0FAF200890CEB /* Views */ = {
			isa = PBXGroup;
			children = (
				4364103E1EB0FB7300890CEB /* MovableView.h */,
				4364103F1EB0FB7300890CEB /* MovableView.m */,
			);
			path = Views;
			sourceTree = "<group>";
		};
/* End PBXGroup section */

/* Begin PBXNativeTarget section */
		436410061EB0FAE500890CEB /* MovingViews */ = {
			isa = PBXNativeTarget;
			buildConfigurationList = 436410341EB0FAE500890CEB /* Build configuration list for PBXNativeTarget "MovingViews" */;
			buildPhases = (
				436410031EB0FAE500890CEB /* Sources */,
				436410041EB0FAE500890CEB /* Frameworks */,
				436410051EB0FAE500890CEB /* Resources */,
			);
			buildRules = (
			);
			dependencies = (
			);
			name = MovingViews;
			productName = MovingViews;
			productReference = 436410071EB0FAE500890CEB /* MovingViews.app */;
			productType = "com.apple.product-type.application";
		};
		4364101F1EB0FAE500890CEB /* MovingViewsTests */ = {
			isa = PBXNativeTarget;
			buildConfigurationList = 436410371EB0FAE500890CEB /* Build configuration list for PBXNativeTarget "MovingViewsTests" */;
			buildPhases = (
				4364101C1EB0FAE500890CEB /* Sources */,
				4364101D1EB0FAE500890CEB /* Frameworks */,
				4364101E1EB0FAE500890CEB /* Resources */,
			);
			buildRules = (
			);
			dependencies = (
				436410221EB0FAE500890CEB /* PBXTargetDependency */,
			);
			name = MovingViewsTests;
			productName = MovingViewsTests;
			productReference = 436410201EB0FAE500890CEB /* MovingViewsTests.xctest */;
			productType = "com.apple.product-type.bundle.unit-test";
		};
		4364102A1EB0FAE500890CEB /* MovingViewsUITests */ = {
			isa = PBXNativeTarget;
			buildConfigurationList = 4364103A1EB0FAE500890CEB /* Build configuration list for PBXNativeTarget "MovingViewsUITests" */;
			buildPhases = (
				436410271EB0FAE500890CEB /* Sources */,
				436410281EB0FAE500890CEB /* Frameworks */,
				436410291EB0FAE500890CEB /* Resources */,
			);
			buildRules = (
			);
			dependencies = (
				4364102D1EB0FAE500890CEB /* PBXTargetDependency */,
			);
			name = MovingViewsUITests;
			productName = MovingViewsUITests;
			productReference = 4364102B1EB0FAE500890CEB /* MovingViewsUITests.xctest */;
			productType = "com.apple.product-type.bundle.ui-testing";
		};
/* End PBXNativeTarget section */

/* Begin PBXProject section */
		43640FFF1EB0FAE500890CEB /* Project object */ = {
			isa = PBXProject;
			attributes = {
				LastUpgradeCheck = 0830;
				ORGANIZATIONNAME = Daria;
				TargetAttributes = {
					436410061EB0FAE500890CEB = {
						CreatedOnToolsVersion = 8.3;
						ProvisioningStyle = Automatic;
					};
					4364101F1EB0FAE500890CEB = {
						CreatedOnToolsVersion = 8.3;
						ProvisioningStyle = Automatic;
						TestTargetID = 436410061EB0FAE500890CEB;
					};
					4364102A1EB0FAE500890CEB = {
						CreatedOnToolsVersion = 8.3;
						ProvisioningStyle = Automatic;
						TestTargetID = 436410061EB0FAE500890CEB;
					};
				};
			};
			buildConfigurationList = 436410021EB0FAE500890CEB /* Build configuration list for PBXProject "MovingViews" */;
			compatibilityVersion = "Xcode 3.2";
			developmentRegion = English;
			hasScannedForEncodings = 0;
			knownRegions = (
				en,
				Base,
			);
			mainGroup = 43640FFE1EB0FAE500890CEB;
			productRefGroup = 436410081EB0FAE500890CEB /* Products */;
			projectDirPath = "";
			projectRoot = "";
			targets = (
				436410061EB0FAE500890CEB /* MovingViews */,
				4364101F1EB0FAE500890CEB /* MovingViewsTests */,
				4364102A1EB0FAE500890CEB /* MovingViewsUITests */,
			);
		};
/* End PBXProject section */

/* Begin PBXResourcesBuildPhase section */
		436410051EB0FAE500890CEB /* Resources */ = {
			isa = PBXResourcesBuildPhase;
			buildActionMask = 2147483647;
			files = (
				4364101A1EB0FAE500890CEB /* LaunchScreen.storyboard in Resources */,
				436410171EB0FAE500890CEB /* Assets.xcassets in Resources */,
				436410151EB0FAE500890CEB /* Main.storyboard in Resources */,
			);
			runOnlyForDeploymentPostprocessing = 0;
		};
		4364101E1EB0FAE500890CEB /* Resources */ = {
			isa = PBXResourcesBuildPhase;
			buildActionMask = 2147483647;
			files = (
			);
			runOnlyForDeploymentPostprocessing = 0;
		};
		436410291EB0FAE500890CEB /* Resources */ = {
			isa = PBXResourcesBuildPhase;
			buildActionMask = 2147483647;
			files = (
			);
			runOnlyForDeploymentPostprocessing = 0;
		};
/* End PBXResourcesBuildPhase section */

/* Begin PBXSourcesBuildPhase section */
		436410031EB0FAE500890CEB /* Sources */ = {
			isa = PBXSourcesBuildPhase;
			buildActionMask = 2147483647;
			files = (
				436410121EB0FAE500890CEB /* ViewController.m in Sources */,
				436410401EB0FB7300890CEB /* MovableView.m in Sources */,
				4364100F1EB0FAE500890CEB /* AppDelegate.m in Sources */,
				4364100C1EB0FAE500890CEB /* main.m in Sources */,
			);
			runOnlyForDeploymentPostprocessing = 0;
		};
		4364101C1EB0FAE500890CEB /* Sources */ = {
			isa = PBXSourcesBuildPhase;
			buildActionMask = 2147483647;
			files = (
				436410251EB0FAE500890CEB /* MovingViewsTests.m in Sources */,
			);
			runOnlyForDeploymentPostprocessing = 0;
		};
		436410271EB0FAE500890CEB /* Sources */ = {
			isa = PBXSourcesBuildPhase;
			buildActionMask = 2147483647;
			files = (
				436410301EB0FAE500890CEB /* MovingViewsUITests.m in Sources */,
			);
			runOnlyForDeploymentPostprocessing = 0;
		};
/* End PBXSourcesBuildPhase section */

/* Begin PBXTargetDependency section */
		436410221EB0FAE500890CEB /* PBXTargetDependency */ = {
			isa = PBXTargetDependency;
			target = 436410061EB0FAE500890CEB /* MovingViews */;
			targetProxy = 436410211EB0FAE500890CEB /* PBXContainerItemProxy */;
		};
		4364102D1EB0FAE500890CEB /* PBXTargetDependency */ = {
			isa = PBXTargetDependency;
			target = 436410061EB0FAE500890CEB /* MovingViews */;
			targetProxy = 4364102C1EB0FAE500890CEB /* PBXContainerItemProxy */;
		};
/* End PBXTargetDependency section */

/* Begin PBXVariantGroup section */
		436410131EB0FAE500890CEB /* Main.storyboard */ = {
			isa = PBXVariantGroup;
			children = (
				436410141EB0FAE500890CEB /* Base */,
			);
			name = Main.storyboard;
			sourceTree = "<group>";
		};
		436410181EB0FAE500890CEB /* LaunchScreen.storyboard */ = {
			isa = PBXVariantGroup;
			children = (
				436410191EB0FAE500890CEB /* Base */,
			);
			name = LaunchScreen.storyboard;
			sourceTree = "<group>";
		};
/* End PBXVariantGroup section */

/* Begin XCBuildConfiguration section */
		436410321EB0FAE500890CEB /* Debug */ = {
			isa = XCBuildConfiguration;
			buildSettings = {
				ALWAYS_SEARCH_USER_PATHS = NO;
				CLANG_ANALYZER_NONNULL = YES;
				CLANG_ANALYZER_NUMBER_OBJECT_CONVERSION = YES_AGGRESSIVE;
				CLANG_CXX_LANGUAGE_STANDARD = "gnu++0x";
				CLANG_CXX_LIBRARY = "libc++";
				CLANG_ENABLE_MODULES = YES;
				CLANG_ENABLE_OBJC_ARC = YES;
				CLANG_WARN_BOOL_CONVERSION = YES;
				CLANG_WARN_CONSTANT_CONVERSION = YES;
				CLANG_WARN_DIRECT_OBJC_ISA_USAGE = YES_ERROR;
				CLANG_WARN_DOCUMENTATION_COMMENTS = YES;
				CLANG_WARN_EMPTY_BODY = YES;
				CLANG_WARN_ENUM_CONVERSION = YES;
				CLANG_WARN_INFINITE_RECURSION = YES;
				CLANG_WARN_INT_CONVERSION = YES;
				CLANG_WARN_OBJC_ROOT_CLASS = YES_ERROR;
				CLANG_WARN_SUSPICIOUS_MOVE = YES;
				CLANG_WARN_UNREACHABLE_CODE = YES;
				CLANG_WARN__DUPLICATE_METHOD_MATCH = YES;
				"CODE_SIGN_IDENTITY[sdk=iphoneos*]" = "iPhone Developer";
				COPY_PHASE_STRIP = NO;
				DEBUG_INFORMATION_FORMAT = dwarf;
				ENABLE_STRICT_OBJC_MSGSEND = YES;
				ENABLE_TESTABILITY = YES;
				GCC_C_LANGUAGE_STANDARD = gnu99;
				GCC_DYNAMIC_NO_PIC = NO;
				GCC_NO_COMMON_BLOCKS = YES;
				GCC_OPTIMIZATION_LEVEL = 0;
				GCC_PREPROCESSOR_DEFINITIONS = (
					"DEBUG=1",
					"$(inherited)",
				);
				GCC_WARN_64_TO_32_BIT_CONVERSION = YES;
				GCC_WARN_ABOUT_RETURN_TYPE = YES_ERROR;
				GCC_WARN_UNDECLARED_SELECTOR = YES;
				GCC_WARN_UNINITIALIZED_AUTOS = YES_AGGRESSIVE;
				GCC_WARN_UNUSED_FUNCTION = YES;
				GCC_WARN_UNUSED_VARIABLE = YES;
				IPHONEOS_DEPLOYMENT_TARGET = 10.3;
				MTL_ENABLE_DEBUG_INFO = YES;
				ONLY_ACTIVE_ARCH = YES;
				SDKROOT = iphoneos;
				TARGETED_DEVICE_FAMILY = "1,2";
			};
			name = Debug;
		};
		436410331EB0FAE500890CEB /* Release */ = {
			isa = XCBuildConfiguration;
			buildSettings = {
				ALWAYS_SEARCH_USER_PATHS = NO;
				CLANG_ANALYZER_NONNULL = YES;
				CLANG_ANALYZER_NUMBER_OBJECT_CONVERSION = YES_AGGRESSIVE;
				CLANG_CXX_LANGUAGE_STANDARD = "gnu++0x";
				CLANG_CXX_LIBRARY = "libc++";
				CLANG_ENABLE_MODULES = YES;
				CLANG_ENABLE_OBJC_ARC = YES;
				CLANG_WARN_BOOL_CONVERSION = YES;
				CLANG_WARN_CONSTANT_CONVERSION = YES;
				CLANG_WARN_DIRECT_OBJC_ISA_USAGE = YES_ERROR;
				CLANG_WARN_DOCUMENTATION_COMMENTS = YES;
				CLANG_WARN_EMPTY_BODY = YES;
				CLANG_WARN_ENUM_CONVERSION = YES;
				CLANG_WARN_INFINITE_RECURSION = YES;
				CLANG_WARN_INT_CONVERSION = YES;
				CLANG_WARN_OBJC_ROOT_CLASS = YES_ERROR;
				CLANG_WARN_SUSPICIOUS_MOVE = YES;
				CLANG_WARN_UNREACHABLE_CODE = YES;
				CLANG_WARN__DUPLICATE_METHOD_MATCH = YES;
				"CODE_SIGN_IDENTITY[sdk=iphoneos*]" = "iPhone Developer";
				COPY_PHASE_STRIP = NO;
				DEBUG_INFORMATION_FORMAT = "dwarf-with-dsym";
				ENABLE_NS_ASSERTIONS = NO;
				ENABLE_STRICT_OBJC_MSGSEND = YES;
				GCC_C_LANGUAGE_STANDARD = gnu99;
				GCC_NO_COMMON_BLOCKS = YES;
				GCC_WARN_64_TO_32_BIT_CONVERSION = YES;
				GCC_WARN_ABOUT_RETURN_TYPE = YES_ERROR;
				GCC_WARN_UNDECLARED_SELECTOR = YES;
				GCC_WARN_UNINITIALIZED_AUTOS = YES_AGGRESSIVE;
				GCC_WARN_UNUSED_FUNCTION = YES;
				GCC_WARN_UNUSED_VARIABLE = YES;
				IPHONEOS_DEPLOYMENT_TARGET = 10.3;
				MTL_ENABLE_DEBUG_INFO = NO;
				SDKROOT = iphoneos;
				TARGETED_DEVICE_FAMILY = "1,2";
				VALIDATE_PRODUCT = YES;
			};
			name = Release;
		};
		436410351EB0FAE500890CEB /* Debug */ = {
			isa = XCBuildConfiguration;
			buildSettings = {
				ASSETCATALOG_COMPILER_APPICON_NAME = AppIcon;
				INFOPLIST_FILE = MovingViews/Info.plist;
				LD_RUNPATH_SEARCH_PATHS = "$(inherited) @executable_path/Frameworks";
				PRODUCT_BUNDLE_IDENTIFIER = com.anadea.MovingViews;
				PRODUCT_NAME = "$(TARGET_NAME)";
			};
			name = Debug;
		};
		436410361EB0FAE500890CEB /* Release */ = {
			isa = XCBuildConfiguration;
			buildSettings = {
				ASSETCATALOG_COMPILER_APPICON_NAME = AppIcon;
				INFOPLIST_FILE = MovingViews/Info.plist;
				LD_RUNPATH_SEARCH_PATHS = "$(inherited) @executable_path/Frameworks";
				PRODUCT_BUNDLE_IDENTIFIER = com.anadea.MovingViews;
				PRODUCT_NAME = "$(TARGET_NAME)";
			};
			name = Release;
		};
		436410381EB0FAE500890CEB /* Debug */ = {
			isa = XCBuildConfiguration;
			buildSettings = {
				BUNDLE_LOADER = "$(TEST_HOST)";
				INFOPLIST_FILE = MovingViewsTests/Info.plist;
				LD_RUNPATH_SEARCH_PATHS = "$(inherited) @executable_path/Frameworks @loader_path/Frameworks";
				PRODUCT_BUNDLE_IDENTIFIER = com.anadea.MovingViewsTests;
				PRODUCT_NAME = "$(TARGET_NAME)";
				TEST_HOST = "$(BUILT_PRODUCTS_DIR)/MovingViews.app/MovingViews";
			};
			name = Debug;
		};
		436410391EB0FAE500890CEB /* Release */ = {
			isa = XCBuildConfiguration;
			buildSettings = {
				BUNDLE_LOADER = "$(TEST_HOST)";
				INFOPLIST_FILE = MovingViewsTests/Info.plist;
				LD_RUNPATH_SEARCH_PATHS = "$(inherited) @executable_path/Frameworks @loader_path/Frameworks";
				PRODUCT_BUNDLE_IDENTIFIER = com.anadea.MovingViewsTests;
				PRODUCT_NAME = "$(TARGET_NAME)";
				TEST_HOST = "$(BUILT_PRODUCTS_DIR)/MovingViews.app/MovingViews";
			};
			name = Release;
		};
		4364103B1EB0FAE500890CEB /* Debug */ = {
			isa = XCBuildConfiguration;
			buildSettings = {
				INFOPLIST_FILE = MovingViewsUITests/Info.plist;
				LD_RUNPATH_SEARCH_PATHS = "$(inherited) @executable_path/Frameworks @loader_path/Frameworks";
				PRODUCT_BUNDLE_IDENTIFIER = com.anadea.MovingViewsUITests;
				PRODUCT_NAME = "$(TARGET_NAME)";
				TEST_TARGET_NAME = MovingViews;
			};
			name = Debug;
		};
		4364103C1EB0FAE500890CEB /* Release */ = {
			isa = XCBuildConfiguration;
			buildSettings = {
				INFOPLIST_FILE = MovingViewsUITests/Info.plist;
				LD_RUNPATH_SEARCH_PATHS = "$(inherited) @executable_path/Frameworks @loader_path/Frameworks";
				PRODUCT_BUNDLE_IDENTIFIER = com.anadea.MovingViewsUITests;
				PRODUCT_NAME = "$(TARGET_NAME)";
				TEST_TARGET_NAME = MovingViews;
			};
			name = Release;
		};
/* End XCBuildConfiguration section */

/* Begin XCConfigurationList section */
		436410021EB0FAE500890CEB /* Build configuration list for PBXProject "MovingViews" */ = {
			isa = XCConfigurationList;
			buildConfigurations = (
				436410321EB0FAE500890CEB /* Debug */,
				436410331EB0FAE500890CEB /* Release */,
			);
			defaultConfigurationIsVisible = 0;
			defaultConfigurationName = Release;
		};
		436410341EB0FAE500890CEB /* Build configuration list for PBXNativeTarget "MovingViews" */ = {
			isa = XCConfigurationList;
			buildConfigurations = (
				436410351EB0FAE500890CEB /* Debug */,
				436410361EB0FAE500890CEB /* Release */,
			);
			defaultConfigurationIsVisible = 0;
		};
		436410371EB0FAE500890CEB /* Build configuration list for PBXNativeTarget "MovingViewsTests" */ = {
			isa = XCConfigurationList;
			buildConfigurations = (
				436410381EB0FAE500890CEB /* Debug */,
				436410391EB0FAE500890CEB /* Release */,
			);
			defaultConfigurationIsVisible = 0;
		};
		4364103A1EB0FAE500890CEB /* Build configuration list for PBXNativeTarget "MovingViewsUITests" */ = {
			isa = XCConfigurationList;
			buildConfigurations = (
				4364103B1EB0FAE500890CEB /* Debug */,
				4364103C1EB0FAE500890CEB /* Release */,
			);
			defaultConfigurationIsVisible = 0;
		};
/* End XCConfigurationList section */
	};
	rootObject = 43640FFF1EB0FAE500890CEB /* Project object */;
}
