// !$*UTF8*$!
{
	archiveVersion = 1;
	classes = {
	};
	objectVersion = 46;
	objects = {

/* Begin PBXBuildFile section */
		43F13E371EAE5657001001F9 /* main.m in Sources */ = {isa = PBXBuildFile; fileRef = 43F13E361EAE5657001001F9 /* main.m */; };
		43F13E3A1EAE5657001001F9 /* AppDelegate.m in Sources */ = {isa = PBXBuildFile; fileRef = 43F13E391EAE5657001001F9 /* AppDelegate.m */; };
		43F13E3D1EAE5657001001F9 /* ViewController.m in Sources */ = {isa = PBXBuildFile; fileRef = 43F13E3C1EAE5657001001F9 /* ViewController.m */; };
		43F13E401EAE5657001001F9 /* Main.storyboard in Resources */ = {isa = PBXBuildFile; fileRef = 43F13E3E1EAE5657001001F9 /* Main.storyboard */; };
		43F13E421EAE5657001001F9 /* Assets.xcassets in Resources */ = {isa = PBXBuildFile; fileRef = 43F13E411EAE5657001001F9 /* Assets.xcassets */; };
		43F13E451EAE5657001001F9 /* LaunchScreen.storyboard in Resources */ = {isa = PBXBuildFile; fileRef = 43F13E431EAE5657001001F9 /* LaunchScreen.storyboard */; };
		43F13E501EAE5657001001F9 /* GesturesTests.m in Sources */ = {isa = PBXBuildFile; fileRef = 43F13E4F1EAE5657001001F9 /* GesturesTests.m */; };
		43F13E5B1EAE5657001001F9 /* GesturesUITests.m in Sources */ = {isa = PBXBuildFile; fileRef = 43F13E5A1EAE5657001001F9 /* GesturesUITests.m */; };
/* End PBXBuildFile section */

/* Begin PBXContainerItemProxy section */
		43F13E4C1EAE5657001001F9 /* PBXContainerItemProxy */ = {
			isa = PBXContainerItemProxy;
			containerPortal = 43F13E2A1EAE5657001001F9 /* Project object */;
			proxyType = 1;
			remoteGlobalIDString = 43F13E311EAE5657001001F9;
			remoteInfo = Gestures;
		};
		43F13E571EAE5657001001F9 /* PBXContainerItemProxy */ = {
			isa = PBXContainerItemProxy;
			containerPortal = 43F13E2A1EAE5657001001F9 /* Project object */;
			proxyType = 1;
			remoteGlobalIDString = 43F13E311EAE5657001001F9;
			remoteInfo = Gestures;
		};
/* End PBXContainerItemProxy section */

/* Begin PBXFileReference section */
		43F13E321EAE5657001001F9 /* Gestures.app */ = {isa = PBXFileReference; explicitFileType = wrapper.application; includeInIndex = 0; path = Gestures.app; sourceTree = BUILT_PRODUCTS_DIR; };
		43F13E361EAE5657001001F9 /* main.m */ = {isa = PBXFileReference; lastKnownFileType = sourcecode.c.objc; path = main.m; sourceTree = "<group>"; };
		43F13E381EAE5657001001F9 /* AppDelegate.h */ = {isa = PBXFileReference; lastKnownFileType = sourcecode.c.h; path = AppDelegate.h; sourceTree = "<group>"; };
		43F13E391EAE5657001001F9 /* AppDelegate.m */ = {isa = PBXFileReference; lastKnownFileType = sourcecode.c.objc; path = AppDelegate.m; sourceTree = "<group>"; };
		43F13E3B1EAE5657001001F9 /* ViewController.h */ = {isa = PBXFileReference; lastKnownFileType = sourcecode.c.h; path = ViewController.h; sourceTree = "<group>"; };
		43F13E3C1EAE5657001001F9 /* ViewController.m */ = {isa = PBXFileReference; lastKnownFileType = sourcecode.c.objc; path = ViewController.m; sourceTree = "<group>"; };
		43F13E3F1EAE5657001001F9 /* Base */ = {isa = PBXFileReference; lastKnownFileType = file.storyboard; name = Base; path = Base.lproj/Main.storyboard; sourceTree = "<group>"; };
		43F13E411EAE5657001001F9 /* Assets.xcassets */ = {isa = PBXFileReference; lastKnownFileType = folder.assetcatalog; path = Assets.xcassets; sourceTree = "<group>"; };
		43F13E441EAE5657001001F9 /* Base */ = {isa = PBXFileReference; lastKnownFileType = file.storyboard; name = Base; path = Base.lproj/LaunchScreen.storyboard; sourceTree = "<group>"; };
		43F13E461EAE5657001001F9 /* Info.plist */ = {isa = PBXFileReference; lastKnownFileType = text.plist.xml; path = Info.plist; sourceTree = "<group>"; };
		43F13E4B1EAE5657001001F9 /* GesturesTests.xctest */ = {isa = PBXFileReference; explicitFileType = wrapper.cfbundle; includeInIndex = 0; path = GesturesTests.xctest; sourceTree = BUILT_PRODUCTS_DIR; };
		43F13E4F1EAE5657001001F9 /* GesturesTests.m */ = {isa = PBXFileReference; lastKnownFileType = sourcecode.c.objc; path = GesturesTests.m; sourceTree = "<group>"; };
		43F13E511EAE5657001001F9 /* Info.plist */ = {isa = PBXFileReference; lastKnownFileType = text.plist.xml; path = Info.plist; sourceTree = "<group>"; };
		43F13E561EAE5657001001F9 /* GesturesUITests.xctest */ = {isa = PBXFileReference; explicitFileType = wrapper.cfbundle; includeInIndex = 0; path = GesturesUITests.xctest; sourceTree = BUILT_PRODUCTS_DIR; };
		43F13E5A1EAE5657001001F9 /* GesturesUITests.m */ = {isa = PBXFileReference; lastKnownFileType = sourcecode.c.objc; path = GesturesUITests.m; sourceTree = "<group>"; };
		43F13E5C1EAE5657001001F9 /* Info.plist */ = {isa = PBXFileReference; lastKnownFileType = text.plist.xml; path = Info.plist; sourceTree = "<group>"; };
/* End PBXFileReference section */

/* Begin PBXFrameworksBuildPhase section */
		43F13E2F1EAE5657001001F9 /* Frameworks */ = {
			isa = PBXFrameworksBuildPhase;
			buildActionMask = 2147483647;
			files = (
			);
			runOnlyForDeploymentPostprocessing = 0;
		};
		43F13E481EAE5657001001F9 /* Frameworks */ = {
			isa = PBXFrameworksBuildPhase;
			buildActionMask = 2147483647;
			files = (
			);
			runOnlyForDeploymentPostprocessing = 0;
		};
		43F13E531EAE5657001001F9 /* Frameworks */ = {
			isa = PBXFrameworksBuildPhase;
			buildActionMask = 2147483647;
			files = (
			);
			runOnlyForDeploymentPostprocessing = 0;
		};
/* End PBXFrameworksBuildPhase section */

/* Begin PBXGroup section */
		43F13E291EAE5657001001F9 = {
			isa = PBXGroup;
			children = (
				43F13E341EAE5657001001F9 /* Gestures */,
				43F13E4E1EAE5657001001F9 /* GesturesTests */,
				43F13E591EAE5657001001F9 /* GesturesUITests */,
				43F13E331EAE5657001001F9 /* Products */,
			);
			sourceTree = "<group>";
		};
		43F13E331EAE5657001001F9 /* Products */ = {
			isa = PBXGroup;
			children = (
				43F13E321EAE5657001001F9 /* Gestures.app */,
				43F13E4B1EAE5657001001F9 /* GesturesTests.xctest */,
				43F13E561EAE5657001001F9 /* GesturesUITests.xctest */,
			);
			name = Products;
			sourceTree = "<group>";
		};
		43F13E341EAE5657001001F9 /* Gestures */ = {
			isa = PBXGroup;
			children = (
				43F13E381EAE5657001001F9 /* AppDelegate.h */,
				43F13E391EAE5657001001F9 /* AppDelegate.m */,
				43F13E3B1EAE5657001001F9 /* ViewController.h */,
				43F13E3C1EAE5657001001F9 /* ViewController.m */,
				43F13E3E1EAE5657001001F9 /* Main.storyboard */,
				43F13E411EAE5657001001F9 /* Assets.xcassets */,
				43F13E431EAE5657001001F9 /* LaunchScreen.storyboard */,
				43F13E461EAE5657001001F9 /* Info.plist */,
				43F13E351EAE5657001001F9 /* Supporting Files */,
			);
			path = Gestures;
			sourceTree = "<group>";
		};
		43F13E351EAE5657001001F9 /* Supporting Files */ = {
			isa = PBXGroup;
			children = (
				43F13E361EAE5657001001F9 /* main.m */,
			);
			name = "Supporting Files";
			sourceTree = "<group>";
		};
		43F13E4E1EAE5657001001F9 /* GesturesTests */ = {
			isa = PBXGroup;
			children = (
				43F13E4F1EAE5657001001F9 /* GesturesTests.m */,
				43F13E511EAE5657001001F9 /* Info.plist */,
			);
			path = GesturesTests;
			sourceTree = "<group>";
		};
		43F13E591EAE5657001001F9 /* GesturesUITests */ = {
			isa = PBXGroup;
			children = (
				43F13E5A1EAE5657001001F9 /* GesturesUITests.m */,
				43F13E5C1EAE5657001001F9 /* Info.plist */,
			);
			path = GesturesUITests;
			sourceTree = "<group>";
		};
/* End PBXGroup section */

/* Begin PBXNativeTarget section */
		43F13E311EAE5657001001F9 /* Gestures */ = {
			isa = PBXNativeTarget;
			buildConfigurationList = 43F13E5F1EAE5657001001F9 /* Build configuration list for PBXNativeTarget "Gestures" */;
			buildPhases = (
				43F13E2E1EAE5657001001F9 /* Sources */,
				43F13E2F1EAE5657001001F9 /* Frameworks */,
				43F13E301EAE5657001001F9 /* Resources */,
			);
			buildRules = (
			);
			dependencies = (
			);
			name = Gestures;
			productName = Gestures;
			productReference = 43F13E321EAE5657001001F9 /* Gestures.app */;
			productType = "com.apple.product-type.application";
		};
		43F13E4A1EAE5657001001F9 /* GesturesTests */ = {
			isa = PBXNativeTarget;
			buildConfigurationList = 43F13E621EAE5657001001F9 /* Build configuration list for PBXNativeTarget "GesturesTests" */;
			buildPhases = (
				43F13E471EAE5657001001F9 /* Sources */,
				43F13E481EAE5657001001F9 /* Frameworks */,
				43F13E491EAE5657001001F9 /* Resources */,
			);
			buildRules = (
			);
			dependencies = (
				43F13E4D1EAE5657001001F9 /* PBXTargetDependency */,
			);
			name = GesturesTests;
			productName = GesturesTests;
			productReference = 43F13E4B1EAE5657001001F9 /* GesturesTests.xctest */;
			productType = "com.apple.product-type.bundle.unit-test";
		};
		43F13E551EAE5657001001F9 /* GesturesUITests */ = {
			isa = PBXNativeTarget;
			buildConfigurationList = 43F13E651EAE5657001001F9 /* Build configuration list for PBXNativeTarget "GesturesUITests" */;
			buildPhases = (
				43F13E521EAE5657001001F9 /* Sources */,
				43F13E531EAE5657001001F9 /* Frameworks */,
				43F13E541EAE5657001001F9 /* Resources */,
			);
			buildRules = (
			);
			dependencies = (
				43F13E581EAE5657001001F9 /* PBXTargetDependency */,
			);
			name = GesturesUITests;
			productName = GesturesUITests;
			productReference = 43F13E561EAE5657001001F9 /* GesturesUITests.xctest */;
			productType = "com.apple.product-type.bundle.ui-testing";
		};
/* End PBXNativeTarget section */

/* Begin PBXProject section */
		43F13E2A1EAE5657001001F9 /* Project object */ = {
			isa = PBXProject;
			attributes = {
				LastUpgradeCheck = 0830;
				ORGANIZATIONNAME = Daria;
				TargetAttributes = {
					43F13E311EAE5657001001F9 = {
						CreatedOnToolsVersion = 8.3;
						ProvisioningStyle = Automatic;
					};
					43F13E4A1EAE5657001001F9 = {
						CreatedOnToolsVersion = 8.3;
						ProvisioningStyle = Automatic;
						TestTargetID = 43F13E311EAE5657001001F9;
					};
					43F13E551EAE5657001001F9 = {
						CreatedOnToolsVersion = 8.3;
						ProvisioningStyle = Automatic;
						TestTargetID = 43F13E311EAE5657001001F9;
					};
				};
			};
			buildConfigurationList = 43F13E2D1EAE5657001001F9 /* Build configuration list for PBXProject "Gestures" */;
			compatibilityVersion = "Xcode 3.2";
			developmentRegion = English;
			hasScannedForEncodings = 0;
			knownRegions = (
				en,
				Base,
			);
			mainGroup = 43F13E291EAE5657001001F9;
			productRefGroup = 43F13E331EAE5657001001F9 /* Products */;
			projectDirPath = "";
			projectRoot = "";
			targets = (
				43F13E311EAE5657001001F9 /* Gestures */,
				43F13E4A1EAE5657001001F9 /* GesturesTests */,
				43F13E551EAE5657001001F9 /* GesturesUITests */,
			);
		};
/* End PBXProject section */

/* Begin PBXResourcesBuildPhase section */
		43F13E301EAE5657001001F9 /* Resources */ = {
			isa = PBXResourcesBuildPhase;
			buildActionMask = 2147483647;
			files = (
				43F13E451EAE5657001001F9 /* LaunchScreen.storyboard in Resources */,
				43F13E421EAE5657001001F9 /* Assets.xcassets in Resources */,
				43F13E401EAE5657001001F9 /* Main.storyboard in Resources */,
			);
			runOnlyForDeploymentPostprocessing = 0;
		};
		43F13E491EAE5657001001F9 /* Resources */ = {
			isa = PBXResourcesBuildPhase;
			buildActionMask = 2147483647;
			files = (
			);
			runOnlyForDeploymentPostprocessing = 0;
		};
		43F13E541EAE5657001001F9 /* Resources */ = {
			isa = PBXResourcesBuildPhase;
			buildActionMask = 2147483647;
			files = (
			);
			runOnlyForDeploymentPostprocessing = 0;
		};
/* End PBXResourcesBuildPhase section */

/* Begin PBXSourcesBuildPhase section */
		43F13E2E1EAE5657001001F9 /* Sources */ = {
			isa = PBXSourcesBuildPhase;
			buildActionMask = 2147483647;
			files = (
				43F13E3D1EAE5657001001F9 /* ViewController.m in Sources */,
				43F13E3A1EAE5657001001F9 /* AppDelegate.m in Sources */,
				43F13E371EAE5657001001F9 /* main.m in Sources */,
			);
			runOnlyForDeploymentPostprocessing = 0;
		};
		43F13E471EAE5657001001F9 /* Sources */ = {
			isa = PBXSourcesBuildPhase;
			buildActionMask = 2147483647;
			files = (
				43F13E501EAE5657001001F9 /* GesturesTests.m in Sources */,
			);
			runOnlyForDeploymentPostprocessing = 0;
		};
		43F13E521EAE5657001001F9 /* Sources */ = {
			isa = PBXSourcesBuildPhase;
			buildActionMask = 2147483647;
			files = (
				43F13E5B1EAE5657001001F9 /* GesturesUITests.m in Sources */,
			);
			runOnlyForDeploymentPostprocessing = 0;
		};
/* End PBXSourcesBuildPhase section */

/* Begin PBXTargetDependency section */
		43F13E4D1EAE5657001001F9 /* PBXTargetDependency */ = {
			isa = PBXTargetDependency;
			target = 43F13E311EAE5657001001F9 /* Gestures */;
			targetProxy = 43F13E4C1EAE5657001001F9 /* PBXContainerItemProxy */;
		};
		43F13E581EAE5657001001F9 /* PBXTargetDependency */ = {
			isa = PBXTargetDependency;
			target = 43F13E311EAE5657001001F9 /* Gestures */;
			targetProxy = 43F13E571EAE5657001001F9 /* PBXContainerItemProxy */;
		};
/* End PBXTargetDependency section */

/* Begin PBXVariantGroup section */
		43F13E3E1EAE5657001001F9 /* Main.storyboard */ = {
			isa = PBXVariantGroup;
			children = (
				43F13E3F1EAE5657001001F9 /* Base */,
			);
			name = Main.storyboard;
			sourceTree = "<group>";
		};
		43F13E431EAE5657001001F9 /* LaunchScreen.storyboard */ = {
			isa = PBXVariantGroup;
			children = (
				43F13E441EAE5657001001F9 /* Base */,
			);
			name = LaunchScreen.storyboard;
			sourceTree = "<group>";
		};
/* End PBXVariantGroup section */

/* Begin XCBuildConfiguration section */
		43F13E5D1EAE5657001001F9 /* Debug */ = {
			isa = XCBuildConfiguration;
			buildSettings = {
				ALWAYS_SEARCH_USER_PATHS = NO;
				CLANG_ANALYZER_NONNULL = YES;
				CLANG_ANALYZER_NUMBER_OBJECT_CONVERSION = YES_AGGRESSIVE;
				CLANG_CXX_LANGUAGE_STANDARD = "gnu++0x";
				CLANG_CXX_LIBRARY = "libc++";
				CLANG_ENABLE_MODULES = YES;
				CLANG_ENABLE_OBJC_ARC = YES;
				CLANG_WARN_BOOL_CONVERSION = YES;
				CLANG_WARN_CONSTANT_CONVERSION = YES;
				CLANG_WARN_DIRECT_OBJC_ISA_USAGE = YES_ERROR;
				CLANG_WARN_DOCUMENTATION_COMMENTS = YES;
				CLANG_WARN_EMPTY_BODY = YES;
				CLANG_WARN_ENUM_CONVERSION = YES;
				CLANG_WARN_INFINITE_RECURSION = YES;
				CLANG_WARN_INT_CONVERSION = YES;
				CLANG_WARN_OBJC_ROOT_CLASS = YES_ERROR;
				CLANG_WARN_SUSPICIOUS_MOVE = YES;
				CLANG_WARN_UNREACHABLE_CODE = YES;
				CLANG_WARN__DUPLICATE_METHOD_MATCH = YES;
				"CODE_SIGN_IDENTITY[sdk=iphoneos*]" = "iPhone Developer";
				COPY_PHASE_STRIP = NO;
				DEBUG_INFORMATION_FORMAT = dwarf;
				ENABLE_STRICT_OBJC_MSGSEND = YES;
				ENABLE_TESTABILITY = YES;
				GCC_C_LANGUAGE_STANDARD = gnu99;
				GCC_DYNAMIC_NO_PIC = NO;
				GCC_NO_COMMON_BLOCKS = YES;
				GCC_OPTIMIZATION_LEVEL = 0;
				GCC_PREPROCESSOR_DEFINITIONS = (
					"DEBUG=1",
					"$(inherited)",
				);
				GCC_WARN_64_TO_32_BIT_CONVERSION = YES;
				GCC_WARN_ABOUT_RETURN_TYPE = YES_ERROR;
				GCC_WARN_UNDECLARED_SELECTOR = YES;
				GCC_WARN_UNINITIALIZED_AUTOS = YES_AGGRESSIVE;
				GCC_WARN_UNUSED_FUNCTION = YES;
				GCC_WARN_UNUSED_VARIABLE = YES;
				IPHONEOS_DEPLOYMENT_TARGET = 10.3;
				MTL_ENABLE_DEBUG_INFO = YES;
				ONLY_ACTIVE_ARCH = YES;
				SDKROOT = iphoneos;
				TARGETED_DEVICE_FAMILY = "1,2";
			};
			name = Debug;
		};
		43F13E5E1EAE5657001001F9 /* Release */ = {
			isa = XCBuildConfiguration;
			buildSettings = {
				ALWAYS_SEARCH_USER_PATHS = NO;
				CLANG_ANALYZER_NONNULL = YES;
				CLANG_ANALYZER_NUMBER_OBJECT_CONVERSION = YES_AGGRESSIVE;
				CLANG_CXX_LANGUAGE_STANDARD = "gnu++0x";
				CLANG_CXX_LIBRARY = "libc++";
				CLANG_ENABLE_MODULES = YES;
				CLANG_ENABLE_OBJC_ARC = YES;
				CLANG_WARN_BOOL_CONVERSION = YES;
				CLANG_WARN_CONSTANT_CONVERSION = YES;
				CLANG_WARN_DIRECT_OBJC_ISA_USAGE = YES_ERROR;
				CLANG_WARN_DOCUMENTATION_COMMENTS = YES;
				CLANG_WARN_EMPTY_BODY = YES;
				CLANG_WARN_ENUM_CONVERSION = YES;
				CLANG_WARN_INFINITE_RECURSION = YES;
				CLANG_WARN_INT_CONVERSION = YES;
				CLANG_WARN_OBJC_ROOT_CLASS = YES_ERROR;
				CLANG_WARN_SUSPICIOUS_MOVE = YES;
				CLANG_WARN_UNREACHABLE_CODE = YES;
				CLANG_WARN__DUPLICATE_METHOD_MATCH = YES;
				"CODE_SIGN_IDENTITY[sdk=iphoneos*]" = "iPhone Developer";
				COPY_PHASE_STRIP = NO;
				DEBUG_INFORMATION_FORMAT = "dwarf-with-dsym";
				ENABLE_NS_ASSERTIONS = NO;
				ENABLE_STRICT_OBJC_MSGSEND = YES;
				GCC_C_LANGUAGE_STANDARD = gnu99;
				GCC_NO_COMMON_BLOCKS = YES;
				GCC_WARN_64_TO_32_BIT_CONVERSION = YES;
				GCC_WARN_ABOUT_RETURN_TYPE = YES_ERROR;
				GCC_WARN_UNDECLARED_SELECTOR = YES;
				GCC_WARN_UNINITIALIZED_AUTOS = YES_AGGRESSIVE;
				GCC_WARN_UNUSED_FUNCTION = YES;
				GCC_WARN_UNUSED_VARIABLE = YES;
				IPHONEOS_DEPLOYMENT_TARGET = 10.3;
				MTL_ENABLE_DEBUG_INFO = NO;
				SDKROOT = iphoneos;
				TARGETED_DEVICE_FAMILY = "1,2";
				VALIDATE_PRODUCT = YES;
			};
			name = Release;
		};
		43F13E601EAE5657001001F9 /* Debug */ = {
			isa = XCBuildConfiguration;
			buildSettings = {
				ASSETCATALOG_COMPILER_APPICON_NAME = AppIcon;
				INFOPLIST_FILE = Gestures/Info.plist;
				LD_RUNPATH_SEARCH_PATHS = "$(inherited) @executable_path/Frameworks";
				PRODUCT_BUNDLE_IDENTIFIER = com.anadea.Gestures;
				PRODUCT_NAME = "$(TARGET_NAME)";
			};
			name = Debug;
		};
		43F13E611EAE5657001001F9 /* Release */ = {
			isa = XCBuildConfiguration;
			buildSettings = {
				ASSETCATALOG_COMPILER_APPICON_NAME = AppIcon;
				INFOPLIST_FILE = Gestures/Info.plist;
				LD_RUNPATH_SEARCH_PATHS = "$(inherited) @executable_path/Frameworks";
				PRODUCT_BUNDLE_IDENTIFIER = com.anadea.Gestures;
				PRODUCT_NAME = "$(TARGET_NAME)";
			};
			name = Release;
		};
		43F13E631EAE5657001001F9 /* Debug */ = {
			isa = XCBuildConfiguration;
			buildSettings = {
				BUNDLE_LOADER = "$(TEST_HOST)";
				INFOPLIST_FILE = GesturesTests/Info.plist;
				LD_RUNPATH_SEARCH_PATHS = "$(inherited) @executable_path/Frameworks @loader_path/Frameworks";
				PRODUCT_BUNDLE_IDENTIFIER = com.anadea.GesturesTests;
				PRODUCT_NAME = "$(TARGET_NAME)";
				TEST_HOST = "$(BUILT_PRODUCTS_DIR)/Gestures.app/Gestures";
			};
			name = Debug;
		};
		43F13E641EAE5657001001F9 /* Release */ = {
			isa = XCBuildConfiguration;
			buildSettings = {
				BUNDLE_LOADER = "$(TEST_HOST)";
				INFOPLIST_FILE = GesturesTests/Info.plist;
				LD_RUNPATH_SEARCH_PATHS = "$(inherited) @executable_path/Frameworks @loader_path/Frameworks";
				PRODUCT_BUNDLE_IDENTIFIER = com.anadea.GesturesTests;
				PRODUCT_NAME = "$(TARGET_NAME)";
				TEST_HOST = "$(BUILT_PRODUCTS_DIR)/Gestures.app/Gestures";
			};
			name = Release;
		};
		43F13E661EAE5657001001F9 /* Debug */ = {
			isa = XCBuildConfiguration;
			buildSettings = {
				INFOPLIST_FILE = GesturesUITests/Info.plist;
				LD_RUNPATH_SEARCH_PATHS = "$(inherited) @executable_path/Frameworks @loader_path/Frameworks";
				PRODUCT_BUNDLE_IDENTIFIER = com.anadea.GesturesUITests;
				PRODUCT_NAME = "$(TARGET_NAME)";
				TEST_TARGET_NAME = Gestures;
			};
			name = Debug;
		};
		43F13E671EAE5657001001F9 /* Release */ = {
			isa = XCBuildConfiguration;
			buildSettings = {
				INFOPLIST_FILE = GesturesUITests/Info.plist;
				LD_RUNPATH_SEARCH_PATHS = "$(inherited) @executable_path/Frameworks @loader_path/Frameworks";
				PRODUCT_BUNDLE_IDENTIFIER = com.anadea.GesturesUITests;
				PRODUCT_NAME = "$(TARGET_NAME)";
				TEST_TARGET_NAME = Gestures;
			};
			name = Release;
		};
/* End XCBuildConfiguration section */

/* Begin XCConfigurationList section */
		43F13E2D1EAE5657001001F9 /* Build configuration list for PBXProject "Gestures" */ = {
			isa = XCConfigurationList;
			buildConfigurations = (
				43F13E5D1EAE5657001001F9 /* Debug */,
				43F13E5E1EAE5657001001F9 /* Release */,
			);
			defaultConfigurationIsVisible = 0;
			defaultConfigurationName = Release;
		};
		43F13E5F1EAE5657001001F9 /* Build configuration list for PBXNativeTarget "Gestures" */ = {
			isa = XCConfigurationList;
			buildConfigurations = (
				43F13E601EAE5657001001F9 /* Debug */,
				43F13E611EAE5657001001F9 /* Release */,
			);
			defaultConfigurationIsVisible = 0;
		};
		43F13E621EAE5657001001F9 /* Build configuration list for PBXNativeTarget "GesturesTests" */ = {
			isa = XCConfigurationList;
			buildConfigurations = (
				43F13E631EAE5657001001F9 /* Debug */,
				43F13E641EAE5657001001F9 /* Release */,
			);
			defaultConfigurationIsVisible = 0;
		};
		43F13E651EAE5657001001F9 /* Build configuration list for PBXNativeTarget "GesturesUITests" */ = {
			isa = XCConfigurationList;
			buildConfigurations = (
				43F13E661EAE5657001001F9 /* Debug */,
				43F13E671EAE5657001001F9 /* Release */,
			);
			defaultConfigurationIsVisible = 0;
		};
/* End XCConfigurationList section */
	};
	rootObject = 43F13E2A1EAE5657001001F9 /* Project object */;
}
